// !$*UTF8*$!
{
	archiveVersion = 1;
	classes = {
	};
	objectVersion = 55;
	objects = {

/* Begin PBXBuildFile section */
		6D52BF952764B32200F7F62F /* SystemExtensions.swift in Sources */ = {isa = PBXBuildFile; fileRef = 6D52BF942764B32200F7F62F /* SystemExtensions.swift */; };
		6D52BF972764B74A00F7F62F /* NewsViewController.swift in Sources */ = {isa = PBXBuildFile; fileRef = 6D52BF962764B74A00F7F62F /* NewsViewController.swift */; };
		6D8A01752763AFBB00605CFB /* NewsTableViewCell.swift in Sources */ = {isa = PBXBuildFile; fileRef = 6D8A01732763AFBB00605CFB /* NewsTableViewCell.swift */; };
		6D8A01762763AFBB00605CFB /* NewsTableViewCell.xib in Resources */ = {isa = PBXBuildFile; fileRef = 6D8A01742763AFBB00605CFB /* NewsTableViewCell.xib */; };
		6D8A01782763B6C500605CFB /* no-image.png in Resources */ = {isa = PBXBuildFile; fileRef = 6D8A01772763B6C500605CFB /* no-image.png */; };
		6D8AEC762752472F005F1DC5 /* AppDelegate.swift in Sources */ = {isa = PBXBuildFile; fileRef = 6D8AEC752752472F005F1DC5 /* AppDelegate.swift */; };
		6D8AEC782752472F005F1DC5 /* SceneDelegate.swift in Sources */ = {isa = PBXBuildFile; fileRef = 6D8AEC772752472F005F1DC5 /* SceneDelegate.swift */; };
		6D8AEC7A2752472F005F1DC5 /* NewsListViewController.swift in Sources */ = {isa = PBXBuildFile; fileRef = 6D8AEC792752472F005F1DC5 /* NewsListViewController.swift */; };
		6D8AEC7D2752472F005F1DC5 /* Main.storyboard in Resources */ = {isa = PBXBuildFile; fileRef = 6D8AEC7B2752472F005F1DC5 /* Main.storyboard */; };
		6D8AEC7F27524730005F1DC5 /* Assets.xcassets in Resources */ = {isa = PBXBuildFile; fileRef = 6D8AEC7E27524730005F1DC5 /* Assets.xcassets */; };
		6D8AEC8227524730005F1DC5 /* LaunchScreen.storyboard in Resources */ = {isa = PBXBuildFile; fileRef = 6D8AEC8027524730005F1DC5 /* LaunchScreen.storyboard */; };
		6D8AEC9427525EC5005F1DC5 /* SourceModel.swift in Sources */ = {isa = PBXBuildFile; fileRef = 6D8AEC9327525EC5005F1DC5 /* SourceModel.swift */; };
		6D8AEC9627525F5C005F1DC5 /* NewsModel.swift in Sources */ = {isa = PBXBuildFile; fileRef = 6D8AEC9527525F5C005F1DC5 /* NewsModel.swift */; };
		6D8AEC99275260AD005F1DC5 /* NewsListRepository.swift in Sources */ = {isa = PBXBuildFile; fileRef = 6D8AEC98275260AD005F1DC5 /* NewsListRepository.swift */; };
		6D8AEC9C275266AF005F1DC5 /* GenericDataProvider.swift in Sources */ = {isa = PBXBuildFile; fileRef = 6D8AEC9B275266AF005F1DC5 /* GenericDataProvider.swift */; };
		6D8AEC9E27526798005F1DC5 /* NewsListLocalDataProvider.swift in Sources */ = {isa = PBXBuildFile; fileRef = 6D8AEC9D27526798005F1DC5 /* NewsListLocalDataProvider.swift */; };
		6D8AECA127527031005F1DC5 /* NewsList.json in Resources */ = {isa = PBXBuildFile; fileRef = 6D8AEC9127525DDF005F1DC5 /* NewsList.json */; };
/* End PBXBuildFile section */

/* Begin PBXFileReference section */
		6D52BF942764B32200F7F62F /* SystemExtensions.swift */ = {isa = PBXFileReference; lastKnownFileType = sourcecode.swift; path = SystemExtensions.swift; sourceTree = "<group>"; };
		6D52BF962764B74A00F7F62F /* NewsViewController.swift */ = {isa = PBXFileReference; lastKnownFileType = sourcecode.swift; path = NewsViewController.swift; sourceTree = "<group>"; };
		6D8A01732763AFBB00605CFB /* NewsTableViewCell.swift */ = {isa = PBXFileReference; lastKnownFileType = sourcecode.swift; path = NewsTableViewCell.swift; sourceTree = "<group>"; };
		6D8A01742763AFBB00605CFB /* NewsTableViewCell.xib */ = {isa = PBXFileReference; lastKnownFileType = file.xib; path = NewsTableViewCell.xib; sourceTree = "<group>"; };
		6D8A01772763B6C500605CFB /* no-image.png */ = {isa = PBXFileReference; lastKnownFileType = image.png; path = "no-image.png"; sourceTree = "<group>"; };
		6D8AEC722752472F005F1DC5 /* AppDIONews.app */ = {isa = PBXFileReference; explicitFileType = wrapper.application; includeInIndex = 0; path = AppDIONews.app; sourceTree = BUILT_PRODUCTS_DIR; };
		6D8AEC752752472F005F1DC5 /* AppDelegate.swift */ = {isa = PBXFileReference; lastKnownFileType = sourcecode.swift; path = AppDelegate.swift; sourceTree = "<group>"; };
		6D8AEC772752472F005F1DC5 /* SceneDelegate.swift */ = {isa = PBXFileReference; lastKnownFileType = sourcecode.swift; path = SceneDelegate.swift; sourceTree = "<group>"; };
		6D8AEC792752472F005F1DC5 /* NewsListViewController.swift */ = {isa = PBXFileReference; lastKnownFileType = sourcecode.swift; path = NewsListViewController.swift; sourceTree = "<group>"; };
		6D8AEC7C2752472F005F1DC5 /* Base */ = {isa = PBXFileReference; lastKnownFileType = file.storyboard; name = Base; path = Base.lproj/Main.storyboard; sourceTree = "<group>"; };
		6D8AEC7E27524730005F1DC5 /* Assets.xcassets */ = {isa = PBXFileReference; lastKnownFileType = folder.assetcatalog; path = Assets.xcassets; sourceTree = "<group>"; };
		6D8AEC8127524730005F1DC5 /* Base */ = {isa = PBXFileReference; lastKnownFileType = file.storyboard; name = Base; path = Base.lproj/LaunchScreen.storyboard; sourceTree = "<group>"; };
		6D8AEC8327524730005F1DC5 /* Info.plist */ = {isa = PBXFileReference; lastKnownFileType = text.plist.xml; path = Info.plist; sourceTree = "<group>"; };
		6D8AEC9127525DDF005F1DC5 /* NewsList.json */ = {isa = PBXFileReference; lastKnownFileType = text.json; path = NewsList.json; sourceTree = "<group>"; };
		6D8AEC9327525EC5005F1DC5 /* SourceModel.swift */ = {isa = PBXFileReference; lastKnownFileType = sourcecode.swift; path = SourceModel.swift; sourceTree = "<group>"; };
		6D8AEC9527525F5C005F1DC5 /* NewsModel.swift */ = {isa = PBXFileReference; lastKnownFileType = sourcecode.swift; path = NewsModel.swift; sourceTree = "<group>"; };
		6D8AEC98275260AD005F1DC5 /* NewsListRepository.swift */ = {isa = PBXFileReference; lastKnownFileType = sourcecode.swift; path = NewsListRepository.swift; sourceTree = "<group>"; };
		6D8AEC9B275266AF005F1DC5 /* GenericDataProvider.swift */ = {isa = PBXFileReference; lastKnownFileType = sourcecode.swift; path = GenericDataProvider.swift; sourceTree = "<group>"; };
		6D8AEC9D27526798005F1DC5 /* NewsListLocalDataProvider.swift */ = {isa = PBXFileReference; lastKnownFileType = sourcecode.swift; path = NewsListLocalDataProvider.swift; sourceTree = "<group>"; };
/* End PBXFileReference section */

/* Begin PBXFrameworksBuildPhase section */
		6D8AEC6F2752472F005F1DC5 /* Frameworks */ = {
			isa = PBXFrameworksBuildPhase;
			buildActionMask = 2147483647;
			files = (
			);
			runOnlyForDeploymentPostprocessing = 0;
		};
/* End PBXFrameworksBuildPhase section */

/* Begin PBXGroup section */
		6D52BF982764BA8D00F7F62F /* Componets */ = {
			isa = PBXGroup;
			children = (
				6D8A01732763AFBB00605CFB /* NewsTableViewCell.swift */,
			);
			path = Componets;
			sourceTree = "<group>";
		};
		6D8AEC692752472F005F1DC5 = {
			isa = PBXGroup;
			children = (
				6D8AEC742752472F005F1DC5 /* AppDIONews */,
				6D8AEC732752472F005F1DC5 /* Products */,
			);
			sourceTree = "<group>";
		};
		6D8AEC732752472F005F1DC5 /* Products */ = {
			isa = PBXGroup;
			children = (
				6D8AEC722752472F005F1DC5 /* AppDIONews.app */,
			);
			name = Products;
			sourceTree = "<group>";
		};
		6D8AEC742752472F005F1DC5 /* AppDIONews */ = {
			isa = PBXGroup;
			children = (
				6D8AEC9A2752664E005F1DC5 /* DataProvider */,
				6D8AEC9227525E6E005F1DC5 /* Models */,
				6D8AEC9027525CD3005F1DC5 /* Views */,
				6D8AEC8E27525C85005F1DC5 /* Controllers */,
				6D8AEC8D27525C64005F1DC5 /* SupportingFiles */,
				6D8AEC7E27524730005F1DC5 /* Assets.xcassets */,
				6D8AEC8327524730005F1DC5 /* Info.plist */,
			);
			path = AppDIONews;
			sourceTree = "<group>";
		};
		6D8AEC8D27525C64005F1DC5 /* SupportingFiles */ = {
			isa = PBXGroup;
			children = (
				6D8AEC752752472F005F1DC5 /* AppDelegate.swift */,
				6D8AEC772752472F005F1DC5 /* SceneDelegate.swift */,
				6D52BF942764B32200F7F62F /* SystemExtensions.swift */,
				6D8AEC9127525DDF005F1DC5 /* NewsList.json */,
				6D8A01772763B6C500605CFB /* no-image.png */,
			);
			path = SupportingFiles;
			sourceTree = "<group>";
		};
		6D8AEC8E27525C85005F1DC5 /* Controllers */ = {
			isa = PBXGroup;
			children = (
				6D52BF982764BA8D00F7F62F /* Componets */,
				6D8AEC792752472F005F1DC5 /* NewsListViewController.swift */,
				6D52BF962764B74A00F7F62F /* NewsViewController.swift */,
			);
			path = Controllers;
			sourceTree = "<group>";
		};
		6D8AEC9027525CD3005F1DC5 /* Views */ = {
			isa = PBXGroup;
			children = (
				6D8AEC7B2752472F005F1DC5 /* Main.storyboard */,
				6D8AEC8027524730005F1DC5 /* LaunchScreen.storyboard */,
				6D8A01742763AFBB00605CFB /* NewsTableViewCell.xib */,
			);
			path = Views;
			sourceTree = "<group>";
		};
		6D8AEC9227525E6E005F1DC5 /* Models */ = {
			isa = PBXGroup;
			children = (
				6D8AEC9327525EC5005F1DC5 /* SourceModel.swift */,
				6D8AEC9527525F5C005F1DC5 /* NewsModel.swift */,
			);
			path = Models;
			sourceTree = "<group>";
		};
		6D8AEC9727526067005F1DC5 /* LocalRepository */ = {
			isa = PBXGroup;
			children = (
				6D8AEC98275260AD005F1DC5 /* NewsListRepository.swift */,
			);
			path = LocalRepository;
			sourceTree = "<group>";
		};
		6D8AEC9A2752664E005F1DC5 /* DataProvider */ = {
			isa = PBXGroup;
			children = (
				6D8AEC9B275266AF005F1DC5 /* GenericDataProvider.swift */,
				6D8AEC9D27526798005F1DC5 /* NewsListLocalDataProvider.swift */,
				6D8AEC9727526067005F1DC5 /* LocalRepository */,
			);
			path = DataProvider;
			sourceTree = "<group>";
		};
/* End PBXGroup section */

/* Begin PBXNativeTarget section */
		6D8AEC712752472F005F1DC5 /* AppDIONews */ = {
			isa = PBXNativeTarget;
			buildConfigurationList = 6D8AEC8627524730005F1DC5 /* Build configuration list for PBXNativeTarget "AppDIONews" */;
			buildPhases = (
				6D8AEC6E2752472F005F1DC5 /* Sources */,
				6D8AEC6F2752472F005F1DC5 /* Frameworks */,
				6D8AEC702752472F005F1DC5 /* Resources */,
			);
			buildRules = (
			);
			dependencies = (
			);
			name = AppDIONews;
			productName = AppDIONews;
			productReference = 6D8AEC722752472F005F1DC5 /* AppDIONews.app */;
			productType = "com.apple.product-type.application";
		};
/* End PBXNativeTarget section */

/* Begin PBXProject section */
		6D8AEC6A2752472F005F1DC5 /* Project object */ = {
			isa = PBXProject;
			attributes = {
				BuildIndependentTargetsInParallel = 1;
				LastSwiftUpdateCheck = 1310;
				LastUpgradeCheck = 1310;
				TargetAttributes = {
					6D8AEC712752472F005F1DC5 = {
						CreatedOnToolsVersion = 13.1;
					};
				};
			};
			buildConfigurationList = 6D8AEC6D2752472F005F1DC5 /* Build configuration list for PBXProject "AppDIONews" */;
			compatibilityVersion = "Xcode 13.0";
			developmentRegion = en;
			hasScannedForEncodings = 0;
			knownRegions = (
				en,
				Base,
			);
			mainGroup = 6D8AEC692752472F005F1DC5;
			productRefGroup = 6D8AEC732752472F005F1DC5 /* Products */;
			projectDirPath = "";
			projectRoot = "";
			targets = (
				6D8AEC712752472F005F1DC5 /* AppDIONews */,
			);
		};
/* End PBXProject section */

/* Begin PBXResourcesBuildPhase section */
		6D8AEC702752472F005F1DC5 /* Resources */ = {
			isa = PBXResourcesBuildPhase;
			buildActionMask = 2147483647;
			files = (
				6D8A01782763B6C500605CFB /* no-image.png in Resources */,
				6D8AEC8227524730005F1DC5 /* LaunchScreen.storyboard in Resources */,
				6D8AEC7F27524730005F1DC5 /* Assets.xcassets in Resources */,
				6D8AECA127527031005F1DC5 /* NewsList.json in Resources */,
				6D8AEC7D2752472F005F1DC5 /* Main.storyboard in Resources */,
				6D8A01762763AFBB00605CFB /* NewsTableViewCell.xib in Resources */,
			);
			runOnlyForDeploymentPostprocessing = 0;
		};
/* End PBXResourcesBuildPhase section */

/* Begin PBXSourcesBuildPhase section */
		6D8AEC6E2752472F005F1DC5 /* Sources */ = {
			isa = PBXSourcesBuildPhase;
			buildActionMask = 2147483647;
			files = (
				6D52BF952764B32200F7F62F /* SystemExtensions.swift in Sources */,
				6D8AEC7A2752472F005F1DC5 /* NewsListViewController.swift in Sources */,
				6D8AEC762752472F005F1DC5 /* AppDelegate.swift in Sources */,
				6D8AEC9427525EC5005F1DC5 /* SourceModel.swift in Sources */,
				6D52BF972764B74A00F7F62F /* NewsViewController.swift in Sources */,
				6D8AEC9E27526798005F1DC5 /* NewsListLocalDataProvider.swift in Sources */,
				6D8AEC782752472F005F1DC5 /* SceneDelegate.swift in Sources */,
				6D8AEC9C275266AF005F1DC5 /* GenericDataProvider.swift in Sources */,
				6D8AEC99275260AD005F1DC5 /* NewsListRepository.swift in Sources */,
				6D8AEC9627525F5C005F1DC5 /* NewsModel.swift in Sources */,
				6D8A01752763AFBB00605CFB /* NewsTableViewCell.swift in Sources */,
			);
			runOnlyForDeploymentPostprocessing = 0;
		};
/* End PBXSourcesBuildPhase section */

/* Begin PBXVariantGroup section */
		6D8AEC7B2752472F005F1DC5 /* Main.storyboard */ = {
			isa = PBXVariantGroup;
			children = (
				6D8AEC7C2752472F005F1DC5 /* Base */,
			);
			name = Main.storyboard;
			sourceTree = "<group>";
		};
		6D8AEC8027524730005F1DC5 /* LaunchScreen.storyboard */ = {
			isa = PBXVariantGroup;
			children = (
				6D8AEC8127524730005F1DC5 /* Base */,
			);
			name = LaunchScreen.storyboard;
			sourceTree = "<group>";
		};
/* End PBXVariantGroup section */

/* Begin XCBuildConfiguration section */
		6D8AEC8427524730005F1DC5 /* Debug */ = {
			isa = XCBuildConfiguration;
			buildSettings = {
				ALWAYS_SEARCH_USER_PATHS = NO;
				CLANG_ANALYZER_NONNULL = YES;
				CLANG_ANALYZER_NUMBER_OBJECT_CONVERSION = YES_AGGRESSIVE;
				CLANG_CXX_LANGUAGE_STANDARD = "gnu++17";
				CLANG_CXX_LIBRARY = "libc++";
				CLANG_ENABLE_MODULES = YES;
				CLANG_ENABLE_OBJC_ARC = YES;
				CLANG_ENABLE_OBJC_WEAK = YES;
				CLANG_WARN_BLOCK_CAPTURE_AUTORELEASING = YES;
				CLANG_WARN_BOOL_CONVERSION = YES;
				CLANG_WARN_COMMA = YES;
				CLANG_WARN_CONSTANT_CONVERSION = YES;
				CLANG_WARN_DEPRECATED_OBJC_IMPLEMENTATIONS = YES;
				CLANG_WARN_DIRECT_OBJC_ISA_USAGE = YES_ERROR;
				CLANG_WARN_DOCUMENTATION_COMMENTS = YES;
				CLANG_WARN_EMPTY_BODY = YES;
				CLANG_WARN_ENUM_CONVERSION = YES;
				CLANG_WARN_INFINITE_RECURSION = YES;
				CLANG_WARN_INT_CONVERSION = YES;
				CLANG_WARN_NON_LITERAL_NULL_CONVERSION = YES;
				CLANG_WARN_OBJC_IMPLICIT_RETAIN_SELF = YES;
				CLANG_WARN_OBJC_LITERAL_CONVERSION = YES;
				CLANG_WARN_OBJC_ROOT_CLASS = YES_ERROR;
				CLANG_WARN_QUOTED_INCLUDE_IN_FRAMEWORK_HEADER = YES;
				CLANG_WARN_RANGE_LOOP_ANALYSIS = YES;
				CLANG_WARN_STRICT_PROTOTYPES = YES;
				CLANG_WARN_SUSPICIOUS_MOVE = YES;
				CLANG_WARN_UNGUARDED_AVAILABILITY = YES_AGGRESSIVE;
				CLANG_WARN_UNREACHABLE_CODE = YES;
				CLANG_WARN__DUPLICATE_METHOD_MATCH = YES;
				COPY_PHASE_STRIP = NO;
				DEBUG_INFORMATION_FORMAT = dwarf;
				ENABLE_STRICT_OBJC_MSGSEND = YES;
				ENABLE_TESTABILITY = YES;
				GCC_C_LANGUAGE_STANDARD = gnu11;
				GCC_DYNAMIC_NO_PIC = NO;
				GCC_NO_COMMON_BLOCKS = YES;
				GCC_OPTIMIZATION_LEVEL = 0;
				GCC_PREPROCESSOR_DEFINITIONS = (
					"DEBUG=1",
					"$(inherited)",
				);
				GCC_WARN_64_TO_32_BIT_CONVERSION = YES;
				GCC_WARN_ABOUT_RETURN_TYPE = YES_ERROR;
				GCC_WARN_UNDECLARED_SELECTOR = YES;
				GCC_WARN_UNINITIALIZED_AUTOS = YES_AGGRESSIVE;
				GCC_WARN_UNUSED_FUNCTION = YES;
				GCC_WARN_UNUSED_VARIABLE = YES;
				IPHONEOS_DEPLOYMENT_TARGET = 15.0;
				MTL_ENABLE_DEBUG_INFO = INCLUDE_SOURCE;
				MTL_FAST_MATH = YES;
				ONLY_ACTIVE_ARCH = YES;
				SDKROOT = iphoneos;
				SWIFT_ACTIVE_COMPILATION_CONDITIONS = DEBUG;
				SWIFT_OPTIMIZATION_LEVEL = "-Onone";
			};
			name = Debug;
		};
		6D8AEC8527524730005F1DC5 /* Release */ = {
			isa = XCBuildConfiguration;
			buildSettings = {
				ALWAYS_SEARCH_USER_PATHS = NO;
				CLANG_ANALYZER_NONNULL = YES;
				CLANG_ANALYZER_NUMBER_OBJECT_CONVERSION = YES_AGGRESSIVE;
				CLANG_CXX_LANGUAGE_STANDARD = "gnu++17";
				CLANG_CXX_LIBRARY = "libc++";
				CLANG_ENABLE_MODULES = YES;
				CLANG_ENABLE_OBJC_ARC = YES;
				CLANG_ENABLE_OBJC_WEAK = YES;
				CLANG_WARN_BLOCK_CAPTURE_AUTORELEASING = YES;
				CLANG_WARN_BOOL_CONVERSION = YES;
				CLANG_WARN_COMMA = YES;
				CLANG_WARN_CONSTANT_CONVERSION = YES;
				CLANG_WARN_DEPRECATED_OBJC_IMPLEMENTATIONS = YES;
				CLANG_WARN_DIRECT_OBJC_ISA_USAGE = YES_ERROR;
				CLANG_WARN_DOCUMENTATION_COMMENTS = YES;
				CLANG_WARN_EMPTY_BODY = YES;
				CLANG_WARN_ENUM_CONVERSION = YES;
				CLANG_WARN_INFINITE_RECURSION = YES;
				CLANG_WARN_INT_CONVERSION = YES;
				CLANG_WARN_NON_LITERAL_NULL_CONVERSION = YES;
				CLANG_WARN_OBJC_IMPLICIT_RETAIN_SELF = YES;
				CLANG_WARN_OBJC_LITERAL_CONVERSION = YES;
				CLANG_WARN_OBJC_ROOT_CLASS = YES_ERROR;
				CLANG_WARN_QUOTED_INCLUDE_IN_FRAMEWORK_HEADER = YES;
				CLANG_WARN_RANGE_LOOP_ANALYSIS = YES;
				CLANG_WARN_STRICT_PROTOTYPES = YES;
				CLANG_WARN_SUSPICIOUS_MOVE = YES;
				CLANG_WARN_UNGUARDED_AVAILABILITY = YES_AGGRESSIVE;
				CLANG_WARN_UNREACHABLE_CODE = YES;
				CLANG_WARN__DUPLICATE_METHOD_MATCH = YES;
				COPY_PHASE_STRIP = NO;
				DEBUG_INFORMATION_FORMAT = "dwarf-with-dsym";
				ENABLE_NS_ASSERTIONS = NO;
				ENABLE_STRICT_OBJC_MSGSEND = YES;
				GCC_C_LANGUAGE_STANDARD = gnu11;
				GCC_NO_COMMON_BLOCKS = YES;
				GCC_WARN_64_TO_32_BIT_CONVERSION = YES;
				GCC_WARN_ABOUT_RETURN_TYPE = YES_ERROR;
				GCC_WARN_UNDECLARED_SELECTOR = YES;
				GCC_WARN_UNINITIALIZED_AUTOS = YES_AGGRESSIVE;
				GCC_WARN_UNUSED_FUNCTION = YES;
				GCC_WARN_UNUSED_VARIABLE = YES;
				IPHONEOS_DEPLOYMENT_TARGET = 15.0;
				MTL_ENABLE_DEBUG_INFO = NO;
				MTL_FAST_MATH = YES;
				SDKROOT = iphoneos;
				SWIFT_COMPILATION_MODE = wholemodule;
				SWIFT_OPTIMIZATION_LEVEL = "-O";
				VALIDATE_PRODUCT = YES;
			};
			name = Release;
		};
		6D8AEC8727524730005F1DC5 /* Debug */ = {
			isa = XCBuildConfiguration;
			buildSettings = {
				ASSETCATALOG_COMPILER_APPICON_NAME = AppIcon;
				ASSETCATALOG_COMPILER_GLOBAL_ACCENT_COLOR_NAME = AccentColor;
				CODE_SIGN_STYLE = Automatic;
				CURRENT_PROJECT_VERSION = 1;
				DEVELOPMENT_TEAM = XJ98QL4C8C;
				GENERATE_INFOPLIST_FILE = YES;
				INFOPLIST_FILE = AppDIONews/Info.plist;
				INFOPLIST_KEY_UIApplicationSupportsIndirectInputEvents = YES;
				INFOPLIST_KEY_UILaunchStoryboardName = LaunchScreen;
				INFOPLIST_KEY_UIMainStoryboardFile = Main;
				INFOPLIST_KEY_UISupportedInterfaceOrientations = UIInterfaceOrientationPortrait;
				INFOPLIST_KEY_UISupportedInterfaceOrientations_iPad = "UIInterfaceOrientationPortrait UIInterfaceOrientationPortraitUpsideDown UIInterfaceOrientationLandscapeLeft UIInterfaceOrientationLandscapeRight";
				INFOPLIST_KEY_UISupportedInterfaceOrientations_iPhone = "UIInterfaceOrientationPortrait UIInterfaceOrientationLandscapeLeft UIInterfaceOrientationLandscapeRight";
				LD_RUNPATH_SEARCH_PATHS = (
					"$(inherited)",
					"@executable_path/Frameworks",
				);
				MARKETING_VERSION = 1.0.0;
				PRODUCT_BUNDLE_IDENTIFIER = br.com.robson.moreira.AppDIONews;
				PRODUCT_NAME = "$(TARGET_NAME)";
				SWIFT_EMIT_LOC_STRINGS = YES;
				SWIFT_VERSION = 5.0;
				TARGETED_DEVICE_FAMILY = 1;
			};
			name = Debug;
		};
		6D8AEC8827524730005F1DC5 /* Release */ = {
			isa = XCBuildConfiguration;
			buildSettings = {
				ASSETCATALOG_COMPILER_APPICON_NAME = AppIcon;
				ASSETCATALOG_COMPILER_GLOBAL_ACCENT_COLOR_NAME = AccentColor;
				CODE_SIGN_STYLE = Automatic;
				CURRENT_PROJECT_VERSION = 1;
				DEVELOPMENT_TEAM = XJ98QL4C8C;
				GENERATE_INFOPLIST_FILE = YES;
				INFOPLIST_FILE = AppDIONews/Info.plist;
				INFOPLIST_KEY_UIApplicationSupportsIndirectInputEvents = YES;
				INFOPLIST_KEY_UILaunchStoryboardName = LaunchScreen;
				INFOPLIST_KEY_UIMainStoryboardFile = Main;
				INFOPLIST_KEY_UISupportedInterfaceOrientations = UIInterfaceOrientationPortrait;
				INFOPLIST_KEY_UISupportedInterfaceOrientations_iPad = "UIInterfaceOrientationPortrait UIInterfaceOrientationPortraitUpsideDown UIInterfaceOrientationLandscapeLeft UIInterfaceOrientationLandscapeRight";
				INFOPLIST_KEY_UISupportedInterfaceOrientations_iPhone = "UIInterfaceOrientationPortrait UIInterfaceOrientationLandscapeLeft UIInterfaceOrientationLandscapeRight";
				LD_RUNPATH_SEARCH_PATHS = (
					"$(inherited)",
					"@executable_path/Frameworks",
				);
				MARKETING_VERSION = 1.0.0;
				PRODUCT_BUNDLE_IDENTIFIER = br.com.robson.moreira.AppDIONews;
				PRODUCT_NAME = "$(TARGET_NAME)";
				SWIFT_EMIT_LOC_STRINGS = YES;
				SWIFT_VERSION = 5.0;
				TARGETED_DEVICE_FAMILY = 1;
			};
			name = Release;
		};
/* End XCBuildConfiguration section */

/* Begin XCConfigurationList section */
		6D8AEC6D2752472F005F1DC5 /* Build configuration list for PBXProject "AppDIONews" */ = {
			isa = XCConfigurationList;
			buildConfigurations = (
				6D8AEC8427524730005F1DC5 /* Debug */,
				6D8AEC8527524730005F1DC5 /* Release */,
			);
			defaultConfigurationIsVisible = 0;
			defaultConfigurationName = Release;
		};
		6D8AEC8627524730005F1DC5 /* Build configuration list for PBXNativeTarget "AppDIONews" */ = {
			isa = XCConfigurationList;
			buildConfigurations = (
				6D8AEC8727524730005F1DC5 /* Debug */,
				6D8AEC8827524730005F1DC5 /* Release */,
			);
			defaultConfigurationIsVisible = 0;
			defaultConfigurationName = Release;
		};
/* End XCConfigurationList section */
	};
	rootObject = 6D8AEC6A2752472F005F1DC5 /* Project object */;
}
